// !$*UTF8*$!
{
	archiveVersion = 1;
	classes = {
	};
	objectVersion = 56;
	objects = {

/* Begin PBXBuildFile section */
		90176B0C2BA1D5710099AE42 /* CalculatorBrain.swift in Sources */ = {isa = PBXBuildFile; fileRef = 90176B0B2BA1D5710099AE42 /* CalculatorBrain.swift */; };
		907B1E4D2BA04DCD00C02071 /* ios_swift_learningApp.swift in Sources */ = {isa = PBXBuildFile; fileRef = 907B1E4C2BA04DCD00C02071 /* ios_swift_learningApp.swift */; };
		907B1E4F2BA04DCD00C02071 /* ContentView.swift in Sources */ = {isa = PBXBuildFile; fileRef = 907B1E4E2BA04DCD00C02071 /* ContentView.swift */; };
		907B1E512BA04DCE00C02071 /* Assets.xcassets in Resources */ = {isa = PBXBuildFile; fileRef = 907B1E502BA04DCE00C02071 /* Assets.xcassets */; };
		907B1E542BA04DCE00C02071 /* Preview Assets.xcassets in Resources */ = {isa = PBXBuildFile; fileRef = 907B1E532BA04DCE00C02071 /* Preview Assets.xcassets */; };
		907B1E5E2BA04DCE00C02071 /* ios_swift_learningTests.swift in Sources */ = {isa = PBXBuildFile; fileRef = 907B1E5D2BA04DCE00C02071 /* ios_swift_learningTests.swift */; };
		907B1E682BA04DCE00C02071 /* ios_swift_learningUITests.swift in Sources */ = {isa = PBXBuildFile; fileRef = 907B1E672BA04DCE00C02071 /* ios_swift_learningUITests.swift */; };
		907B1E6A2BA04DCE00C02071 /* ios_swift_learningUITestsLaunchTests.swift in Sources */ = {isa = PBXBuildFile; fileRef = 907B1E692BA04DCE00C02071 /* ios_swift_learningUITestsLaunchTests.swift */; };
		90F1E1E22BA1929300D50788 /* CalculatorButtonItem.swift in Sources */ = {isa = PBXBuildFile; fileRef = 90F1E1E12BA1929300D50788 /* CalculatorButtonItem.swift */; };
/* End PBXBuildFile section */

/* Begin PBXContainerItemProxy section */
		907B1E5A2BA04DCE00C02071 /* PBXContainerItemProxy */ = {
			isa = PBXContainerItemProxy;
			containerPortal = 907B1E412BA04DCD00C02071 /* Project object */;
			proxyType = 1;
			remoteGlobalIDString = 907B1E482BA04DCD00C02071;
			remoteInfo = "ios swift learning";
		};
		907B1E642BA04DCE00C02071 /* PBXContainerItemProxy */ = {
			isa = PBXContainerItemProxy;
			containerPortal = 907B1E412BA04DCD00C02071 /* Project object */;
			proxyType = 1;
			remoteGlobalIDString = 907B1E482BA04DCD00C02071;
			remoteInfo = "ios swift learning";
		};
/* End PBXContainerItemProxy section */

/* Begin PBXFileReference section */
		90176B0B2BA1D5710099AE42 /* CalculatorBrain.swift */ = {isa = PBXFileReference; lastKnownFileType = sourcecode.swift; path = CalculatorBrain.swift; sourceTree = "<group>"; };
		907B1E492BA04DCD00C02071 /* ios swift learning.app */ = {isa = PBXFileReference; explicitFileType = wrapper.application; includeInIndex = 0; path = "ios swift learning.app"; sourceTree = BUILT_PRODUCTS_DIR; };
		907B1E4C2BA04DCD00C02071 /* ios_swift_learningApp.swift */ = {isa = PBXFileReference; lastKnownFileType = sourcecode.swift; path = ios_swift_learningApp.swift; sourceTree = "<group>"; };
		907B1E4E2BA04DCD00C02071 /* ContentView.swift */ = {isa = PBXFileReference; lastKnownFileType = sourcecode.swift; path = ContentView.swift; sourceTree = "<group>"; };
		907B1E502BA04DCE00C02071 /* Assets.xcassets */ = {isa = PBXFileReference; lastKnownFileType = folder.assetcatalog; path = Assets.xcassets; sourceTree = "<group>"; };
		907B1E532BA04DCE00C02071 /* Preview Assets.xcassets */ = {isa = PBXFileReference; lastKnownFileType = folder.assetcatalog; path = "Preview Assets.xcassets"; sourceTree = "<group>"; };
		907B1E592BA04DCE00C02071 /* ios swift learningTests.xctest */ = {isa = PBXFileReference; explicitFileType = wrapper.cfbundle; includeInIndex = 0; path = "ios swift learningTests.xctest"; sourceTree = BUILT_PRODUCTS_DIR; };
		907B1E5D2BA04DCE00C02071 /* ios_swift_learningTests.swift */ = {isa = PBXFileReference; lastKnownFileType = sourcecode.swift; path = ios_swift_learningTests.swift; sourceTree = "<group>"; };
		907B1E632BA04DCE00C02071 /* ios swift learningUITests.xctest */ = {isa = PBXFileReference; explicitFileType = wrapper.cfbundle; includeInIndex = 0; path = "ios swift learningUITests.xctest"; sourceTree = BUILT_PRODUCTS_DIR; };
		907B1E672BA04DCE00C02071 /* ios_swift_learningUITests.swift */ = {isa = PBXFileReference; lastKnownFileType = sourcecode.swift; path = ios_swift_learningUITests.swift; sourceTree = "<group>"; };
		907B1E692BA04DCE00C02071 /* ios_swift_learningUITestsLaunchTests.swift */ = {isa = PBXFileReference; lastKnownFileType = sourcecode.swift; path = ios_swift_learningUITestsLaunchTests.swift; sourceTree = "<group>"; };
		90F1E1E12BA1929300D50788 /* CalculatorButtonItem.swift */ = {isa = PBXFileReference; lastKnownFileType = sourcecode.swift; path = CalculatorButtonItem.swift; sourceTree = "<group>"; };
/* End PBXFileReference section */

/* Begin PBXFrameworksBuildPhase section */
		907B1E462BA04DCD00C02071 /* Frameworks */ = {
			isa = PBXFrameworksBuildPhase;
			buildActionMask = 2147483647;
			files = (
			);
			runOnlyForDeploymentPostprocessing = 0;
		};
		907B1E562BA04DCE00C02071 /* Frameworks */ = {
			isa = PBXFrameworksBuildPhase;
			buildActionMask = 2147483647;
			files = (
			);
			runOnlyForDeploymentPostprocessing = 0;
		};
		907B1E602BA04DCE00C02071 /* Frameworks */ = {
			isa = PBXFrameworksBuildPhase;
			buildActionMask = 2147483647;
			files = (
			);
			runOnlyForDeploymentPostprocessing = 0;
		};
/* End PBXFrameworksBuildPhase section */

/* Begin PBXGroup section */
		907B1E402BA04DCD00C02071 = {
			isa = PBXGroup;
			children = (
				907B1E4B2BA04DCD00C02071 /* ios swift learning */,
				907B1E5C2BA04DCE00C02071 /* ios swift learningTests */,
				907B1E662BA04DCE00C02071 /* ios swift learningUITests */,
				907B1E4A2BA04DCD00C02071 /* Products */,
			);
			sourceTree = "<group>";
		};
		907B1E4A2BA04DCD00C02071 /* Products */ = {
			isa = PBXGroup;
			children = (
				907B1E492BA04DCD00C02071 /* ios swift learning.app */,
				907B1E592BA04DCE00C02071 /* ios swift learningTests.xctest */,
				907B1E632BA04DCE00C02071 /* ios swift learningUITests.xctest */,
			);
			name = Products;
			sourceTree = "<group>";
		};
		907B1E4B2BA04DCD00C02071 /* ios swift learning */ = {
			isa = PBXGroup;
			children = (
				907B1E4C2BA04DCD00C02071 /* ios_swift_learningApp.swift */,
				907B1E4E2BA04DCD00C02071 /* ContentView.swift */,
				907B1E502BA04DCE00C02071 /* Assets.xcassets */,
				907B1E522BA04DCE00C02071 /* Preview Content */,
				90F1E1E12BA1929300D50788 /* CalculatorButtonItem.swift */,
				90176B0B2BA1D5710099AE42 /* CalculatorBrain.swift */,
			);
			path = "ios swift learning";
			sourceTree = "<group>";
		};
		907B1E522BA04DCE00C02071 /* Preview Content */ = {
			isa = PBXGroup;
			children = (
				907B1E532BA04DCE00C02071 /* Preview Assets.xcassets */,
			);
			path = "Preview Content";
			sourceTree = "<group>";
		};
		907B1E5C2BA04DCE00C02071 /* ios swift learningTests */ = {
			isa = PBXGroup;
			children = (
				907B1E5D2BA04DCE00C02071 /* ios_swift_learningTests.swift */,
			);
			path = "ios swift learningTests";
			sourceTree = "<group>";
		};
		907B1E662BA04DCE00C02071 /* ios swift learningUITests */ = {
			isa = PBXGroup;
			children = (
				907B1E672BA04DCE00C02071 /* ios_swift_learningUITests.swift */,
				907B1E692BA04DCE00C02071 /* ios_swift_learningUITestsLaunchTests.swift */,
			);
			path = "ios swift learningUITests";
			sourceTree = "<group>";
		};
/* End PBXGroup section */

/* Begin PBXNativeTarget section */
		907B1E482BA04DCD00C02071 /* ios swift learning */ = {
			isa = PBXNativeTarget;
			buildConfigurationList = 907B1E6D2BA04DCE00C02071 /* Build configuration list for PBXNativeTarget "ios swift learning" */;
			buildPhases = (
				907B1E452BA04DCD00C02071 /* Sources */,
				907B1E462BA04DCD00C02071 /* Frameworks */,
				907B1E472BA04DCD00C02071 /* Resources */,
			);
			buildRules = (
			);
			dependencies = (
			);
			name = "ios swift learning";
			productName = "ios swift learning";
			productReference = 907B1E492BA04DCD00C02071 /* ios swift learning.app */;
			productType = "com.apple.product-type.application";
		};
		907B1E582BA04DCE00C02071 /* ios swift learningTests */ = {
			isa = PBXNativeTarget;
			buildConfigurationList = 907B1E702BA04DCE00C02071 /* Build configuration list for PBXNativeTarget "ios swift learningTests" */;
			buildPhases = (
				907B1E552BA04DCE00C02071 /* Sources */,
				907B1E562BA04DCE00C02071 /* Frameworks */,
				907B1E572BA04DCE00C02071 /* Resources */,
			);
			buildRules = (
			);
			dependencies = (
				907B1E5B2BA04DCE00C02071 /* PBXTargetDependency */,
			);
			name = "ios swift learningTests";
			productName = "ios swift learningTests";
			productReference = 907B1E592BA04DCE00C02071 /* ios swift learningTests.xctest */;
			productType = "com.apple.product-type.bundle.unit-test";
		};
		907B1E622BA04DCE00C02071 /* ios swift learningUITests */ = {
			isa = PBXNativeTarget;
			buildConfigurationList = 907B1E732BA04DCE00C02071 /* Build configuration list for PBXNativeTarget "ios swift learningUITests" */;
			buildPhases = (
				907B1E5F2BA04DCE00C02071 /* Sources */,
				907B1E602BA04DCE00C02071 /* Frameworks */,
				907B1E612BA04DCE00C02071 /* Resources */,
			);
			buildRules = (
			);
			dependencies = (
				907B1E652BA04DCE00C02071 /* PBXTargetDependency */,
			);
			name = "ios swift learningUITests";
			productName = "ios swift learningUITests";
			productReference = 907B1E632BA04DCE00C02071 /* ios swift learningUITests.xctest */;
			productType = "com.apple.product-type.bundle.ui-testing";
		};
/* End PBXNativeTarget section */

/* Begin PBXProject section */
		907B1E412BA04DCD00C02071 /* Project object */ = {
			isa = PBXProject;
			attributes = {
				BuildIndependentTargetsInParallel = 1;
				LastSwiftUpdateCheck = 1500;
				LastUpgradeCheck = 1500;
				TargetAttributes = {
					907B1E482BA04DCD00C02071 = {
						CreatedOnToolsVersion = 15.0;
					};
					907B1E582BA04DCE00C02071 = {
						CreatedOnToolsVersion = 15.0;
						TestTargetID = 907B1E482BA04DCD00C02071;
					};
					907B1E622BA04DCE00C02071 = {
						CreatedOnToolsVersion = 15.0;
						TestTargetID = 907B1E482BA04DCD00C02071;
					};
				};
			};
			buildConfigurationList = 907B1E442BA04DCD00C02071 /* Build configuration list for PBXProject "ios swift learning" */;
			compatibilityVersion = "Xcode 14.0";
			developmentRegion = en;
			hasScannedForEncodings = 0;
			knownRegions = (
				en,
				Base,
			);
			mainGroup = 907B1E402BA04DCD00C02071;
			productRefGroup = 907B1E4A2BA04DCD00C02071 /* Products */;
			projectDirPath = "";
			projectRoot = "";
			targets = (
				907B1E482BA04DCD00C02071 /* ios swift learning */,
				907B1E582BA04DCE00C02071 /* ios swift learningTests */,
				907B1E622BA04DCE00C02071 /* ios swift learningUITests */,
			);
		};
/* End PBXProject section */

/* Begin PBXResourcesBuildPhase section */
		907B1E472BA04DCD00C02071 /* Resources */ = {
			isa = PBXResourcesBuildPhase;
			buildActionMask = 2147483647;
			files = (
				907B1E542BA04DCE00C02071 /* Preview Assets.xcassets in Resources */,
				907B1E512BA04DCE00C02071 /* Assets.xcassets in Resources */,
			);
			runOnlyForDeploymentPostprocessing = 0;
		};
		907B1E572BA04DCE00C02071 /* Resources */ = {
			isa = PBXResourcesBuildPhase;
			buildActionMask = 2147483647;
			files = (
			);
			runOnlyForDeploymentPostprocessing = 0;
		};
		907B1E612BA04DCE00C02071 /* Resources */ = {
			isa = PBXResourcesBuildPhase;
			buildActionMask = 2147483647;
			files = (
			);
			runOnlyForDeploymentPostprocessing = 0;
		};
/* End PBXResourcesBuildPhase section */

/* Begin PBXSourcesBuildPhase section */
		907B1E452BA04DCD00C02071 /* Sources */ = {
			isa = PBXSourcesBuildPhase;
			buildActionMask = 2147483647;
			files = (
				907B1E4F2BA04DCD00C02071 /* ContentView.swift in Sources */,
				907B1E4D2BA04DCD00C02071 /* ios_swift_learningApp.swift in Sources */,
				90176B0C2BA1D5710099AE42 /* CalculatorBrain.swift in Sources */,
				90F1E1E22BA1929300D50788 /* CalculatorButtonItem.swift in Sources */,
			);
			runOnlyForDeploymentPostprocessing = 0;
		};
		907B1E552BA04DCE00C02071 /* Sources */ = {
			isa = PBXSourcesBuildPhase;
			buildActionMask = 2147483647;
			files = (
				907B1E5E2BA04DCE00C02071 /* ios_swift_learningTests.swift in Sources */,
			);
			runOnlyForDeploymentPostprocessing = 0;
		};
		907B1E5F2BA04DCE00C02071 /* Sources */ = {
			isa = PBXSourcesBuildPhase;
			buildActionMask = 2147483647;
			files = (
				907B1E6A2BA04DCE00C02071 /* ios_swift_learningUITestsLaunchTests.swift in Sources */,
				907B1E682BA04DCE00C02071 /* ios_swift_learningUITests.swift in Sources */,
			);
			runOnlyForDeploymentPostprocessing = 0;
		};
/* End PBXSourcesBuildPhase section */

/* Begin PBXTargetDependency section */
		907B1E5B2BA04DCE00C02071 /* PBXTargetDependency */ = {
			isa = PBXTargetDependency;
			target = 907B1E482BA04DCD00C02071 /* ios swift learning */;
			targetProxy = 907B1E5A2BA04DCE00C02071 /* PBXContainerItemProxy */;
		};
		907B1E652BA04DCE00C02071 /* PBXTargetDependency */ = {
			isa = PBXTargetDependency;
			target = 907B1E482BA04DCD00C02071 /* ios swift learning */;
			targetProxy = 907B1E642BA04DCE00C02071 /* PBXContainerItemProxy */;
		};
/* End PBXTargetDependency section */

/* Begin XCBuildConfiguration section */
		907B1E6B2BA04DCE00C02071 /* Debug */ = {
			isa = XCBuildConfiguration;
			buildSettings = {
				ALWAYS_SEARCH_USER_PATHS = NO;
				ASSETCATALOG_COMPILER_GENERATE_SWIFT_ASSET_SYMBOL_EXTENSIONS = YES;
				CLANG_ANALYZER_NONNULL = YES;
				CLANG_ANALYZER_NUMBER_OBJECT_CONVERSION = YES_AGGRESSIVE;
				CLANG_CXX_LANGUAGE_STANDARD = "gnu++20";
				CLANG_ENABLE_MODULES = YES;
				CLANG_ENABLE_OBJC_ARC = YES;
				CLANG_ENABLE_OBJC_WEAK = YES;
				CLANG_WARN_BLOCK_CAPTURE_AUTORELEASING = YES;
				CLANG_WARN_BOOL_CONVERSION = YES;
				CLANG_WARN_COMMA = YES;
				CLANG_WARN_CONSTANT_CONVERSION = YES;
				CLANG_WARN_DEPRECATED_OBJC_IMPLEMENTATIONS = YES;
				CLANG_WARN_DIRECT_OBJC_ISA_USAGE = YES_ERROR;
				CLANG_WARN_DOCUMENTATION_COMMENTS = YES;
				CLANG_WARN_EMPTY_BODY = YES;
				CLANG_WARN_ENUM_CONVERSION = YES;
				CLANG_WARN_INFINITE_RECURSION = YES;
				CLANG_WARN_INT_CONVERSION = YES;
				CLANG_WARN_NON_LITERAL_NULL_CONVERSION = YES;
				CLANG_WARN_OBJC_IMPLICIT_RETAIN_SELF = YES;
				CLANG_WARN_OBJC_LITERAL_CONVERSION = YES;
				CLANG_WARN_OBJC_ROOT_CLASS = YES_ERROR;
				CLANG_WARN_QUOTED_INCLUDE_IN_FRAMEWORK_HEADER = YES;
				CLANG_WARN_RANGE_LOOP_ANALYSIS = YES;
				CLANG_WARN_STRICT_PROTOTYPES = YES;
				CLANG_WARN_SUSPICIOUS_MOVE = YES;
				CLANG_WARN_UNGUARDED_AVAILABILITY = YES_AGGRESSIVE;
				CLANG_WARN_UNREACHABLE_CODE = YES;
				CLANG_WARN__DUPLICATE_METHOD_MATCH = YES;
				COPY_PHASE_STRIP = NO;
				DEBUG_INFORMATION_FORMAT = dwarf;
				ENABLE_STRICT_OBJC_MSGSEND = YES;
				ENABLE_TESTABILITY = YES;
				ENABLE_USER_SCRIPT_SANDBOXING = YES;
				GCC_C_LANGUAGE_STANDARD = gnu17;
				GCC_DYNAMIC_NO_PIC = NO;
				GCC_NO_COMMON_BLOCKS = YES;
				GCC_OPTIMIZATION_LEVEL = 0;
				GCC_PREPROCESSOR_DEFINITIONS = (
					"DEBUG=1",
					"$(inherited)",
				);
				GCC_WARN_64_TO_32_BIT_CONVERSION = YES;
				GCC_WARN_ABOUT_RETURN_TYPE = YES_ERROR;
				GCC_WARN_UNDECLARED_SELECTOR = YES;
				GCC_WARN_UNINITIALIZED_AUTOS = YES_AGGRESSIVE;
				GCC_WARN_UNUSED_FUNCTION = YES;
				GCC_WARN_UNUSED_VARIABLE = YES;
				IPHONEOS_DEPLOYMENT_TARGET = 17.0;
				LOCALIZATION_PREFERS_STRING_CATALOGS = YES;
				MTL_ENABLE_DEBUG_INFO = INCLUDE_SOURCE;
				MTL_FAST_MATH = YES;
				ONLY_ACTIVE_ARCH = YES;
				SDKROOT = iphoneos;
				SWIFT_ACTIVE_COMPILATION_CONDITIONS = "DEBUG $(inherited)";
				SWIFT_OPTIMIZATION_LEVEL = "-Onone";
			};
			name = Debug;
		};
		907B1E6C2BA04DCE00C02071 /* Release */ = {
			isa = XCBuildConfiguration;
			buildSettings = {
				ALWAYS_SEARCH_USER_PATHS = NO;
				ASSETCATALOG_COMPILER_GENERATE_SWIFT_ASSET_SYMBOL_EXTENSIONS = YES;
				CLANG_ANALYZER_NONNULL = YES;
				CLANG_ANALYZER_NUMBER_OBJECT_CONVERSION = YES_AGGRESSIVE;
				CLANG_CXX_LANGUAGE_STANDARD = "gnu++20";
				CLANG_ENABLE_MODULES = YES;
				CLANG_ENABLE_OBJC_ARC = YES;
				CLANG_ENABLE_OBJC_WEAK = YES;
				CLANG_WARN_BLOCK_CAPTURE_AUTORELEASING = YES;
				CLANG_WARN_BOOL_CONVERSION = YES;
				CLANG_WARN_COMMA = YES;
				CLANG_WARN_CONSTANT_CONVERSION = YES;
				CLANG_WARN_DEPRECATED_OBJC_IMPLEMENTATIONS = YES;
				CLANG_WARN_DIRECT_OBJC_ISA_USAGE = YES_ERROR;
				CLANG_WARN_DOCUMENTATION_COMMENTS = YES;
				CLANG_WARN_EMPTY_BODY = YES;
				CLANG_WARN_ENUM_CONVERSION = YES;
				CLANG_WARN_INFINITE_RECURSION = YES;
				CLANG_WARN_INT_CONVERSION = YES;
				CLANG_WARN_NON_LITERAL_NULL_CONVERSION = YES;
				CLANG_WARN_OBJC_IMPLICIT_RETAIN_SELF = YES;
				CLANG_WARN_OBJC_LITERAL_CONVERSION = YES;
				CLANG_WARN_OBJC_ROOT_CLASS = YES_ERROR;
				CLANG_WARN_QUOTED_INCLUDE_IN_FRAMEWORK_HEADER = YES;
				CLANG_WARN_RANGE_LOOP_ANALYSIS = YES;
				CLANG_WARN_STRICT_PROTOTYPES = YES;
				CLANG_WARN_SUSPICIOUS_MOVE = YES;
				CLANG_WARN_UNGUARDED_AVAILABILITY = YES_AGGRESSIVE;
				CLANG_WARN_UNREACHABLE_CODE = YES;
				CLANG_WARN__DUPLICATE_METHOD_MATCH = YES;
				COPY_PHASE_STRIP = NO;
				DEBUG_INFORMATION_FORMAT = "dwarf-with-dsym";
				ENABLE_NS_ASSERTIONS = NO;
				ENABLE_STRICT_OBJC_MSGSEND = YES;
				ENABLE_USER_SCRIPT_SANDBOXING = YES;
				GCC_C_LANGUAGE_STANDARD = gnu17;
				GCC_NO_COMMON_BLOCKS = YES;
				GCC_WARN_64_TO_32_BIT_CONVERSION = YES;
				GCC_WARN_ABOUT_RETURN_TYPE = YES_ERROR;
				GCC_WARN_UNDECLARED_SELECTOR = YES;
				GCC_WARN_UNINITIALIZED_AUTOS = YES_AGGRESSIVE;
				GCC_WARN_UNUSED_FUNCTION = YES;
				GCC_WARN_UNUSED_VARIABLE = YES;
				IPHONEOS_DEPLOYMENT_TARGET = 17.0;
				LOCALIZATION_PREFERS_STRING_CATALOGS = YES;
				MTL_ENABLE_DEBUG_INFO = NO;
				MTL_FAST_MATH = YES;
				SDKROOT = iphoneos;
				SWIFT_COMPILATION_MODE = wholemodule;
				VALIDATE_PRODUCT = YES;
			};
			name = Release;
		};
		907B1E6E2BA04DCE00C02071 /* Debug */ = {
			isa = XCBuildConfiguration;
			buildSettings = {
				ASSETCATALOG_COMPILER_APPICON_NAME = AppIcon;
				ASSETCATALOG_COMPILER_GLOBAL_ACCENT_COLOR_NAME = AccentColor;
				CODE_SIGN_STYLE = Automatic;
				CURRENT_PROJECT_VERSION = 1;
				DEVELOPMENT_ASSET_PATHS = "\"ios swift learning/Preview Content\"";
				ENABLE_PREVIEWS = YES;
				GENERATE_INFOPLIST_FILE = YES;
				INFOPLIST_KEY_UIApplicationSceneManifest_Generation = YES;
				INFOPLIST_KEY_UIApplicationSupportsIndirectInputEvents = YES;
				INFOPLIST_KEY_UILaunchScreen_Generation = YES;
				INFOPLIST_KEY_UISupportedInterfaceOrientations_iPad = "UIInterfaceOrientationPortrait UIInterfaceOrientationPortraitUpsideDown UIInterfaceOrientationLandscapeLeft UIInterfaceOrientationLandscapeRight";
				INFOPLIST_KEY_UISupportedInterfaceOrientations_iPhone = "UIInterfaceOrientationPortrait UIInterfaceOrientationLandscapeLeft UIInterfaceOrientationLandscapeRight";
				LD_RUNPATH_SEARCH_PATHS = (
					"$(inherited)",
					"@executable_path/Frameworks",
				);
				MARKETING_VERSION = 1.0;
				PRODUCT_BUNDLE_IDENTIFIER = "--.ios-swift-learning";
				PRODUCT_NAME = "$(TARGET_NAME)";
				SWIFT_EMIT_LOC_STRINGS = YES;
				SWIFT_VERSION = 5.0;
				TARGETED_DEVICE_FAMILY = "1,2";
			};
			name = Debug;
		};
		907B1E6F2BA04DCE00C02071 /* Release */ = {
			isa = XCBuildConfiguration;
			buildSettings = {
				ASSETCATALOG_COMPILER_APPICON_NAME = AppIcon;
				ASSETCATALOG_COMPILER_GLOBAL_ACCENT_COLOR_NAME = AccentColor;
				CODE_SIGN_STYLE = Automatic;
				CURRENT_PROJECT_VERSION = 1;
				DEVELOPMENT_ASSET_PATHS = "\"ios swift learning/Preview Content\"";
				ENABLE_PREVIEWS = YES;
				GENERATE_INFOPLIST_FILE = YES;
				INFOPLIST_KEY_UIApplicationSceneManifest_Generation = YES;
				INFOPLIST_KEY_UIApplicationSupportsIndirectInputEvents = YES;
				INFOPLIST_KEY_UILaunchScreen_Generation = YES;
				INFOPLIST_KEY_UISupportedInterfaceOrientations_iPad = "UIInterfaceOrientationPortrait UIInterfaceOrientationPortraitUpsideDown UIInterfaceOrientationLandscapeLeft UIInterfaceOrientationLandscapeRight";
				INFOPLIST_KEY_UISupportedInterfaceOrientations_iPhone = "UIInterfaceOrientationPortrait UIInterfaceOrientationLandscapeLeft UIInterfaceOrientationLandscapeRight";
				LD_RUNPATH_SEARCH_PATHS = (
					"$(inherited)",
					"@executable_path/Frameworks",
				);
				MARKETING_VERSION = 1.0;
				PRODUCT_BUNDLE_IDENTIFIER = "--.ios-swift-learning";
				PRODUCT_NAME = "$(TARGET_NAME)";
				SWIFT_EMIT_LOC_STRINGS = YES;
				SWIFT_VERSION = 5.0;
				TARGETED_DEVICE_FAMILY = "1,2";
			};
			name = Release;
		};
		907B1E712BA04DCE00C02071 /* Debug */ = {
			isa = XCBuildConfiguration;
			buildSettings = {
				ALWAYS_EMBED_SWIFT_STANDARD_LIBRARIES = YES;
				BUNDLE_LOADER = "$(TEST_HOST)";
				CODE_SIGN_STYLE = Automatic;
				CURRENT_PROJECT_VERSION = 1;
				GENERATE_INFOPLIST_FILE = YES;
				IPHONEOS_DEPLOYMENT_TARGET = 17.0;
				MARKETING_VERSION = 1.0;
				PRODUCT_BUNDLE_IDENTIFIER = "--.ios-swift-learningTests";
				PRODUCT_NAME = "$(TARGET_NAME)";
				SWIFT_EMIT_LOC_STRINGS = NO;
				SWIFT_VERSION = 5.0;
				TARGETED_DEVICE_FAMILY = "1,2";
				TEST_HOST = "$(BUILT_PRODUCTS_DIR)/ios swift learning.app/$(BUNDLE_EXECUTABLE_FOLDER_PATH)/ios swift learning";
			};
			name = Debug;
		};
		907B1E722BA04DCE00C02071 /* Release */ = {
			isa = XCBuildConfiguration;
			buildSettings = {
				ALWAYS_EMBED_SWIFT_STANDARD_LIBRARIES = YES;
				BUNDLE_LOADER = "$(TEST_HOST)";
				CODE_SIGN_STYLE = Automatic;
				CURRENT_PROJECT_VERSION = 1;
				GENERATE_INFOPLIST_FILE = YES;
				IPHONEOS_DEPLOYMENT_TARGET = 17.0;
				MARKETING_VERSION = 1.0;
				PRODUCT_BUNDLE_IDENTIFIER = "--.ios-swift-learningTests";
				PRODUCT_NAME = "$(TARGET_NAME)";
				SWIFT_EMIT_LOC_STRINGS = NO;
				SWIFT_VERSION = 5.0;
				TARGETED_DEVICE_FAMILY = "1,2";
				TEST_HOST = "$(BUILT_PRODUCTS_DIR)/ios swift learning.app/$(BUNDLE_EXECUTABLE_FOLDER_PATH)/ios swift learning";
			};
			name = Release;
		};
		907B1E742BA04DCE00C02071 /* Debug */ = {
			isa = XCBuildConfiguration;
			buildSettings = {
				ALWAYS_EMBED_SWIFT_STANDARD_LIBRARIES = YES;
				CODE_SIGN_STYLE = Automatic;
				CURRENT_PROJECT_VERSION = 1;
				GENERATE_INFOPLIST_FILE = YES;
				MARKETING_VERSION = 1.0;
				PRODUCT_BUNDLE_IDENTIFIER = "--.ios-swift-learningUITests";
				PRODUCT_NAME = "$(TARGET_NAME)";
				SWIFT_EMIT_LOC_STRINGS = NO;
				SWIFT_VERSION = 5.0;
				TARGETED_DEVICE_FAMILY = "1,2";
				TEST_TARGET_NAME = "ios swift learning";
			};
			name = Debug;
		};
		907B1E752BA04DCE00C02071 /* Release */ = {
			isa = XCBuildConfiguration;
			buildSettings = {
				ALWAYS_EMBED_SWIFT_STANDARD_LIBRARIES = YES;
				CODE_SIGN_STYLE = Automatic;
				CURRENT_PROJECT_VERSION = 1;
				GENERATE_INFOPLIST_FILE = YES;
				MARKETING_VERSION = 1.0;
				PRODUCT_BUNDLE_IDENTIFIER = "--.ios-swift-learningUITests";
				PRODUCT_NAME = "$(TARGET_NAME)";
				SWIFT_EMIT_LOC_STRINGS = NO;
				SWIFT_VERSION = 5.0;
				TARGETED_DEVICE_FAMILY = "1,2";
				TEST_TARGET_NAME = "ios swift learning";
			};
			name = Release;
		};
/* End XCBuildConfiguration section */

/* Begin XCConfigurationList section */
		907B1E442BA04DCD00C02071 /* Build configuration list for PBXProject "ios swift learning" */ = {
			isa = XCConfigurationList;
			buildConfigurations = (
				907B1E6B2BA04DCE00C02071 /* Debug */,
				907B1E6C2BA04DCE00C02071 /* Release */,
			);
			defaultConfigurationIsVisible = 0;
			defaultConfigurationName = Release;
		};
		907B1E6D2BA04DCE00C02071 /* Build configuration list for PBXNativeTarget "ios swift learning" */ = {
			isa = XCConfigurationList;
			buildConfigurations = (
				907B1E6E2BA04DCE00C02071 /* Debug */,
				907B1E6F2BA04DCE00C02071 /* Release */,
			);
			defaultConfigurationIsVisible = 0;
			defaultConfigurationName = Release;
		};
		907B1E702BA04DCE00C02071 /* Build configuration list for PBXNativeTarget "ios swift learningTests" */ = {
			isa = XCConfigurationList;
			buildConfigurations = (
				907B1E712BA04DCE00C02071 /* Debug */,
				907B1E722BA04DCE00C02071 /* Release */,
			);
			defaultConfigurationIsVisible = 0;
			defaultConfigurationName = Release;
		};
		907B1E732BA04DCE00C02071 /* Build configuration list for PBXNativeTarget "ios swift learningUITests" */ = {
			isa = XCConfigurationList;
			buildConfigurations = (
				907B1E742BA04DCE00C02071 /* Debug */,
				907B1E752BA04DCE00C02071 /* Release */,
			);
			defaultConfigurationIsVisible = 0;
			defaultConfigurationName = Release;
		};
/* End XCConfigurationList section */
	};
	rootObject = 907B1E412BA04DCD00C02071 /* Project object */;
}
